// !$*UTF8*$!
{
	archiveVersion = 1;
	classes = {
	};
	objectVersion = 46;
	objects = {

/* Begin PBXBuildFile section */
		8AB3B8A31A7D7FD000993A55 /* AppDelegate.swift in Sources */ = {isa = PBXBuildFile; fileRef = 8AB3B8A21A7D7FD000993A55 /* AppDelegate.swift */; };
		8AB3B8A51A7D7FD000993A55 /* ViewController.swift in Sources */ = {isa = PBXBuildFile; fileRef = 8AB3B8A41A7D7FD000993A55 /* ViewController.swift */; };
		8AB3B8A81A7D7FD000993A55 /* Main.storyboard in Resources */ = {isa = PBXBuildFile; fileRef = 8AB3B8A61A7D7FD000993A55 /* Main.storyboard */; };
		8AB3B8AA1A7D7FD000993A55 /* Images.xcassets in Resources */ = {isa = PBXBuildFile; fileRef = 8AB3B8A91A7D7FD000993A55 /* Images.xcassets */; };
		8AB3B8AD1A7D7FD000993A55 /* LaunchScreen.xib in Resources */ = {isa = PBXBuildFile; fileRef = 8AB3B8AB1A7D7FD000993A55 /* LaunchScreen.xib */; };
		8AB3B8B91A7D7FD000993A55 /* Carousel_DemoTests.swift in Sources */ = {isa = PBXBuildFile; fileRef = 8AB3B8B81A7D7FD000993A55 /* Carousel_DemoTests.swift */; };
/* End PBXBuildFile section */

/* Begin PBXContainerItemProxy section */
		8AB3B8B31A7D7FD000993A55 /* PBXContainerItemProxy */ = {
			isa = PBXContainerItemProxy;
			containerPortal = 8AB3B8951A7D7FD000993A55 /* Project object */;
			proxyType = 1;
			remoteGlobalIDString = 8AB3B89C1A7D7FD000993A55;
			remoteInfo = "Carousel Demo";
		};
/* End PBXContainerItemProxy section */

/* Begin PBXFileReference section */
		8AB3B89D1A7D7FD000993A55 /* Carousel Demo.app */ = {isa = PBXFileReference; explicitFileType = wrapper.application; includeInIndex = 0; path = "Carousel Demo.app"; sourceTree = BUILT_PRODUCTS_DIR; };
		8AB3B8A11A7D7FD000993A55 /* Info.plist */ = {isa = PBXFileReference; lastKnownFileType = text.plist.xml; path = Info.plist; sourceTree = "<group>"; };
		8AB3B8A21A7D7FD000993A55 /* AppDelegate.swift */ = {isa = PBXFileReference; lastKnownFileType = sourcecode.swift; path = AppDelegate.swift; sourceTree = "<group>"; };
		8AB3B8A41A7D7FD000993A55 /* ViewController.swift */ = {isa = PBXFileReference; lastKnownFileType = sourcecode.swift; path = ViewController.swift; sourceTree = "<group>"; };
		8AB3B8A71A7D7FD000993A55 /* Base */ = {isa = PBXFileReference; lastKnownFileType = file.storyboard; name = Base; path = Base.lproj/Main.storyboard; sourceTree = "<group>"; };
		8AB3B8A91A7D7FD000993A55 /* Images.xcassets */ = {isa = PBXFileReference; lastKnownFileType = folder.assetcatalog; path = Images.xcassets; sourceTree = "<group>"; };
		8AB3B8AC1A7D7FD000993A55 /* Base */ = {isa = PBXFileReference; lastKnownFileType = file.xib; name = Base; path = Base.lproj/LaunchScreen.xib; sourceTree = "<group>"; };
		8AB3B8B21A7D7FD000993A55 /* Carousel DemoTests.xctest */ = {isa = PBXFileReference; explicitFileType = wrapper.cfbundle; includeInIndex = 0; path = "Carousel DemoTests.xctest"; sourceTree = BUILT_PRODUCTS_DIR; };
		8AB3B8B71A7D7FD000993A55 /* Info.plist */ = {isa = PBXFileReference; lastKnownFileType = text.plist.xml; path = Info.plist; sourceTree = "<group>"; };
		8AB3B8B81A7D7FD000993A55 /* Carousel_DemoTests.swift */ = {isa = PBXFileReference; lastKnownFileType = sourcecode.swift; path = Carousel_DemoTests.swift; sourceTree = "<group>"; };
/* End PBXFileReference section */

/* Begin PBXFrameworksBuildPhase section */
		8AB3B89A1A7D7FD000993A55 /* Frameworks */ = {
			isa = PBXFrameworksBuildPhase;
			buildActionMask = 2147483647;
			files = (
			);
			runOnlyForDeploymentPostprocessing = 0;
		};
		8AB3B8AF1A7D7FD000993A55 /* Frameworks */ = {
			isa = PBXFrameworksBuildPhase;
			buildActionMask = 2147483647;
			files = (
			);
			runOnlyForDeploymentPostprocessing = 0;
		};
/* End PBXFrameworksBuildPhase section */

/* Begin PBXGroup section */
		8AB3B8941A7D7FD000993A55 = {
			isa = PBXGroup;
			children = (
				8AB3B89F1A7D7FD000993A55 /* Carousel Demo */,
				8AB3B8B51A7D7FD000993A55 /* Carousel DemoTests */,
				8AB3B89E1A7D7FD000993A55 /* Products */,
			);
			sourceTree = "<group>";
		};
		8AB3B89E1A7D7FD000993A55 /* Products */ = {
			isa = PBXGroup;
			children = (
				8AB3B89D1A7D7FD000993A55 /* Carousel Demo.app */,
				8AB3B8B21A7D7FD000993A55 /* Carousel DemoTests.xctest */,
			);
			name = Products;
			sourceTree = "<group>";
		};
		8AB3B89F1A7D7FD000993A55 /* Carousel Demo */ = {
			isa = PBXGroup;
			children = (
				8AB3B8A21A7D7FD000993A55 /* AppDelegate.swift */,
				8AB3B8A41A7D7FD000993A55 /* ViewController.swift */,
				8AB3B8A61A7D7FD000993A55 /* Main.storyboard */,
				8AB3B8A91A7D7FD000993A55 /* Images.xcassets */,
				8AB3B8AB1A7D7FD000993A55 /* LaunchScreen.xib */,
				8AB3B8A01A7D7FD000993A55 /* Supporting Files */,
			);
			path = "Carousel Demo";
			sourceTree = "<group>";
		};
		8AB3B8A01A7D7FD000993A55 /* Supporting Files */ = {
			isa = PBXGroup;
			children = (
				8AB3B8A11A7D7FD000993A55 /* Info.plist */,
			);
			name = "Supporting Files";
			sourceTree = "<group>";
		};
		8AB3B8B51A7D7FD000993A55 /* Carousel DemoTests */ = {
			isa = PBXGroup;
			children = (
				8AB3B8B81A7D7FD000993A55 /* Carousel_DemoTests.swift */,
				8AB3B8B61A7D7FD000993A55 /* Supporting Files */,
			);
			path = "Carousel DemoTests";
			sourceTree = "<group>";
		};
		8AB3B8B61A7D7FD000993A55 /* Supporting Files */ = {
			isa = PBXGroup;
			children = (
				8AB3B8B71A7D7FD000993A55 /* Info.plist */,
			);
			name = "Supporting Files";
			sourceTree = "<group>";
		};
/* End PBXGroup section */

/* Begin PBXNativeTarget section */
		8AB3B89C1A7D7FD000993A55 /* Carousel Demo */ = {
			isa = PBXNativeTarget;
			buildConfigurationList = 8AB3B8BC1A7D7FD000993A55 /* Build configuration list for PBXNativeTarget "Carousel Demo" */;
			buildPhases = (
				8AB3B8991A7D7FD000993A55 /* Sources */,
				8AB3B89A1A7D7FD000993A55 /* Frameworks */,
				8AB3B89B1A7D7FD000993A55 /* Resources */,
			);
			buildRules = (
			);
			dependencies = (
			);
			name = "Carousel Demo";
			productName = "Carousel Demo";
			productReference = 8AB3B89D1A7D7FD000993A55 /* Carousel Demo.app */;
			productType = "com.apple.product-type.application";
		};
		8AB3B8B11A7D7FD000993A55 /* Carousel DemoTests */ = {
			isa = PBXNativeTarget;
			buildConfigurationList = 8AB3B8BF1A7D7FD000993A55 /* Build configuration list for PBXNativeTarget "Carousel DemoTests" */;
			buildPhases = (
				8AB3B8AE1A7D7FD000993A55 /* Sources */,
				8AB3B8AF1A7D7FD000993A55 /* Frameworks */,
				8AB3B8B01A7D7FD000993A55 /* Resources */,
			);
			buildRules = (
			);
			dependencies = (
				8AB3B8B41A7D7FD000993A55 /* PBXTargetDependency */,
			);
			name = "Carousel DemoTests";
			productName = "Carousel DemoTests";
			productReference = 8AB3B8B21A7D7FD000993A55 /* Carousel DemoTests.xctest */;
			productType = "com.apple.product-type.bundle.unit-test";
		};
/* End PBXNativeTarget section */

/* Begin PBXProject section */
		8AB3B8951A7D7FD000993A55 /* Project object */ = {
			isa = PBXProject;
			attributes = {
				LastUpgradeCheck = 0610;
				ORGANIZATIONNAME = "Samuel Shih";
				TargetAttributes = {
					8AB3B89C1A7D7FD000993A55 = {
						CreatedOnToolsVersion = 6.1.1;
					};
					8AB3B8B11A7D7FD000993A55 = {
						CreatedOnToolsVersion = 6.1.1;
						TestTargetID = 8AB3B89C1A7D7FD000993A55;
					};
				};
			};
			buildConfigurationList = 8AB3B8981A7D7FD000993A55 /* Build configuration list for PBXProject "Carousel Demo" */;
			compatibilityVersion = "Xcode 3.2";
			developmentRegion = English;
			hasScannedForEncodings = 0;
			knownRegions = (
				en,
				Base,
			);
			mainGroup = 8AB3B8941A7D7FD000993A55;
			productRefGroup = 8AB3B89E1A7D7FD000993A55 /* Products */;
			projectDirPath = "";
			projectRoot = "";
			targets = (
				8AB3B89C1A7D7FD000993A55 /* Carousel Demo */,
				8AB3B8B11A7D7FD000993A55 /* Carousel DemoTests */,
			);
		};
/* End PBXProject section */

/* Begin PBXResourcesBuildPhase section */
		8AB3B89B1A7D7FD000993A55 /* Resources */ = {
			isa = PBXResourcesBuildPhase;
			buildActionMask = 2147483647;
			files = (
				8AB3B8A81A7D7FD000993A55 /* Main.storyboard in Resources */,
				8AB3B8AD1A7D7FD000993A55 /* LaunchScreen.xib in Resources */,
				8AB3B8AA1A7D7FD000993A55 /* Images.xcassets in Resources */,
			);
			runOnlyForDeploymentPostprocessing = 0;
		};
		8AB3B8B01A7D7FD000993A55 /* Resources */ = {
			isa = PBXResourcesBuildPhase;
			buildActionMask = 2147483647;
			files = (
			);
			runOnlyForDeploymentPostprocessing = 0;
		};
/* End PBXResourcesBuildPhase section */

/* Begin PBXSourcesBuildPhase section */
		8AB3B8991A7D7FD000993A55 /* Sources */ = {
			isa = PBXSourcesBuildPhase;
			buildActionMask = 2147483647;
			files = (
				8AB3B8A51A7D7FD000993A55 /* ViewController.swift in Sources */,
				8AB3B8A31A7D7FD000993A55 /* AppDelegate.swift in Sources */,
			);
			runOnlyForDeploymentPostprocessing = 0;
		};
		8AB3B8AE1A7D7FD000993A55 /* Sources */ = {
			isa = PBXSourcesBuildPhase;
			buildActionMask = 2147483647;
			files = (
				8AB3B8B91A7D7FD000993A55 /* Carousel_DemoTests.swift in Sources */,
			);
			runOnlyForDeploymentPostprocessing = 0;
		};
/* End PBXSourcesBuildPhase section */

/* Begin PBXTargetDependency section */
		8AB3B8B41A7D7FD000993A55 /* PBXTargetDependency */ = {
			isa = PBXTargetDependency;
			target = 8AB3B89C1A7D7FD000993A55 /* Carousel Demo */;
			targetProxy = 8AB3B8B31A7D7FD000993A55 /* PBXContainerItemProxy */;
		};
/* End PBXTargetDependency section */

/* Begin PBXVariantGroup section */
		8AB3B8A61A7D7FD000993A55 /* Main.storyboard */ = {
			isa = PBXVariantGroup;
			children = (
				8AB3B8A71A7D7FD000993A55 /* Base */,
			);
			name = Main.storyboard;
			sourceTree = "<group>";
		};
		8AB3B8AB1A7D7FD000993A55 /* LaunchScreen.xib */ = {
			isa = PBXVariantGroup;
			children = (
				8AB3B8AC1A7D7FD000993A55 /* Base */,
			);
			name = LaunchScreen.xib;
			sourceTree = "<group>";
		};
/* End PBXVariantGroup section */

/* Begin XCBuildConfiguration section */
		8AB3B8BA1A7D7FD000993A55 /* Debug */ = {
			isa = XCBuildConfiguration;
			buildSettings = {
				ALWAYS_SEARCH_USER_PATHS = NO;
				CLANG_CXX_LANGUAGE_STANDARD = "gnu++0x";
				CLANG_CXX_LIBRARY = "libc++";
				CLANG_ENABLE_MODULES = YES;
				CLANG_ENABLE_OBJC_ARC = YES;
				CLANG_WARN_BOOL_CONVERSION = YES;
				CLANG_WARN_CONSTANT_CONVERSION = YES;
				CLANG_WARN_DIRECT_OBJC_ISA_USAGE = YES_ERROR;
				CLANG_WARN_EMPTY_BODY = YES;
				CLANG_WARN_ENUM_CONVERSION = YES;
				CLANG_WARN_INT_CONVERSION = YES;
				CLANG_WARN_OBJC_ROOT_CLASS = YES_ERROR;
				CLANG_WARN_UNREACHABLE_CODE = YES;
				CLANG_WARN__DUPLICATE_METHOD_MATCH = YES;
				"CODE_SIGN_IDENTITY[sdk=iphoneos*]" = "iPhone Developer";
				COPY_PHASE_STRIP = NO;
				ENABLE_STRICT_OBJC_MSGSEND = YES;
				GCC_C_LANGUAGE_STANDARD = gnu99;
				GCC_DYNAMIC_NO_PIC = NO;
				GCC_OPTIMIZATION_LEVEL = 0;
				GCC_PREPROCESSOR_DEFINITIONS = (
					"DEBUG=1",
					"$(inherited)",
				);
				GCC_SYMBOLS_PRIVATE_EXTERN = NO;
				GCC_WARN_64_TO_32_BIT_CONVERSION = YES;
				GCC_WARN_ABOUT_RETURN_TYPE = YES_ERROR;
				GCC_WARN_UNDECLARED_SELECTOR = YES;
				GCC_WARN_UNINITIALIZED_AUTOS = YES_AGGRESSIVE;
				GCC_WARN_UNUSED_FUNCTION = YES;
				GCC_WARN_UNUSED_VARIABLE = YES;
				IPHONEOS_DEPLOYMENT_TARGET = 8.1;
				MTL_ENABLE_DEBUG_INFO = YES;
				ONLY_ACTIVE_ARCH = YES;
				SDKROOT = iphoneos;
				SWIFT_OPTIMIZATION_LEVEL = "-Onone";
			};
			name = Debug;
		};
		8AB3B8BB1A7D7FD000993A55 /* Release */ = {
			isa = XCBuildConfiguration;
			buildSettings = {
				ALWAYS_SEARCH_USER_PATHS = NO;
				CLANG_CXX_LANGUAGE_STANDARD = "gnu++0x";
				CLANG_CXX_LIBRARY = "libc++";
				CLANG_ENABLE_MODULES = YES;
				CLANG_ENABLE_OBJC_ARC = YES;
				CLANG_WARN_BOOL_CONVERSION = YES;
				CLANG_WARN_CONSTANT_CONVERSION = YES;
				CLANG_WARN_DIRECT_OBJC_ISA_USAGE = YES_ERROR;
				CLANG_WARN_EMPTY_BODY = YES;
				CLANG_WARN_ENUM_CONVERSION = YES;
				CLANG_WARN_INT_CONVERSION = YES;
				CLANG_WARN_OBJC_ROOT_CLASS = YES_ERROR;
				CLANG_WARN_UNREACHABLE_CODE = YES;
				CLANG_WARN__DUPLICATE_METHOD_MATCH = YES;
				"CODE_SIGN_IDENTITY[sdk=iphoneos*]" = "iPhone Developer";
				COPY_PHASE_STRIP = YES;
				ENABLE_NS_ASSERTIONS = NO;
				ENABLE_STRICT_OBJC_MSGSEND = YES;
				GCC_C_LANGUAGE_STANDARD = gnu99;
				GCC_WARN_64_TO_32_BIT_CONVERSION = YES;
				GCC_WARN_ABOUT_RETURN_TYPE = YES_ERROR;
				GCC_WARN_UNDECLARED_SELECTOR = YES;
				GCC_WARN_UNINITIALIZED_AUTOS = YES_AGGRESSIVE;
				GCC_WARN_UNUSED_FUNCTION = YES;
				GCC_WARN_UNUSED_VARIABLE = YES;
				IPHONEOS_DEPLOYMENT_TARGET = 8.1;
				MTL_ENABLE_DEBUG_INFO = NO;
				SDKROOT = iphoneos;
				VALIDATE_PRODUCT = YES;
			};
			name = Release;
		};
		8AB3B8BD1A7D7FD000993A55 /* Debug */ = {
			isa = XCBuildConfiguration;
			buildSettings = {
				ASSETCATALOG_COMPILER_APPICON_NAME = AppIcon;
				INFOPLIST_FILE = "Carousel Demo/Info.plist";
				LD_RUNPATH_SEARCH_PATHS = "$(inherited) @executable_path/Frameworks";
				PRODUCT_NAME = "$(TARGET_NAME)";
			};
			name = Debug;
		};
		8AB3B8BE1A7D7FD000993A55 /* Release */ = {
			isa = XCBuildConfiguration;
			buildSettings = {
				ASSETCATALOG_COMPILER_APPICON_NAME = AppIcon;
				INFOPLIST_FILE = "Carousel Demo/Info.plist";
				LD_RUNPATH_SEARCH_PATHS = "$(inherited) @executable_path/Frameworks";
				PRODUCT_NAME = "$(TARGET_NAME)";
			};
			name = Release;
		};
		8AB3B8C01A7D7FD000993A55 /* Debug */ = {
			isa = XCBuildConfiguration;
			buildSettings = {
				BUNDLE_LOADER = "$(TEST_HOST)";
				FRAMEWORK_SEARCH_PATHS = (
					"$(SDKROOT)/Developer/Library/Frameworks",
					"$(inherited)",
				);
				GCC_PREPROCESSOR_DEFINITIONS = (
					"DEBUG=1",
					"$(inherited)",
				);
				INFOPLIST_FILE = "Carousel DemoTests/Info.plist";
				LD_RUNPATH_SEARCH_PATHS = "$(inherited) @executable_path/Frameworks @loader_path/Frameworks";
				PRODUCT_NAME = "$(TARGET_NAME)";
				TEST_HOST = "$(BUILT_PRODUCTS_DIR)/Carousel Demo.app/Carousel Demo";
			};
			name = Debug;
		};
		8AB3B8C11A7D7FD000993A55 /* Release */ = {
			isa = XCBuildConfiguration;
			buildSettings = {
				BUNDLE_LOADER = "$(TEST_HOST)";
				FRAMEWORK_SEARCH_PATHS = (
					"$(SDKROOT)/Developer/Library/Frameworks",
					"$(inherited)",
				);
				INFOPLIST_FILE = "Carousel DemoTests/Info.plist";
				LD_RUNPATH_SEARCH_PATHS = "$(inherited) @executable_path/Frameworks @loader_path/Frameworks";
				PRODUCT_NAME = "$(TARGET_NAME)";
				TEST_HOST = "$(BUILT_PRODUCTS_DIR)/Carousel Demo.app/Carousel Demo";
			};
			name = Release;
		};
/* End XCBuildConfiguration section */

/* Begin XCConfigurationList section */
		8AB3B8981A7D7FD000993A55 /* Build configuration list for PBXProject "Carousel Demo" */ = {
			isa = XCConfigurationList;
			buildConfigurations = (
				8AB3B8BA1A7D7FD000993A55 /* Debug */,
				8AB3B8BB1A7D7FD000993A55 /* Release */,
			);
			defaultConfigurationIsVisible = 0;
			defaultConfigurationName = Release;
		};
		8AB3B8BC1A7D7FD000993A55 /* Build configuration list for PBXNativeTarget "Carousel Demo" */ = {
			isa = XCConfigurationList;
			buildConfigurations = (
				8AB3B8BD1A7D7FD000993A55 /* Debug */,
				8AB3B8BE1A7D7FD000993A55 /* Release */,
			);
			defaultConfigurationIsVisible = 0;
		};
		8AB3B8BF1A7D7FD000993A55 /* Build configuration list for PBXNativeTarget "Carousel DemoTests" */ = {
			isa = XCConfigurationList;
			buildConfigurations = (
				8AB3B8C01A7D7FD000993A55 /* Debug */,
				8AB3B8C11A7D7FD000993A55 /* Release */,
			);
			defaultConfigurationIsVisible = 0;
		};
/* End XCConfigurationList section */
	};
	rootObject = 8AB3B8951A7D7FD000993A55 /* Project object */;
}
